
Microsoft Visual Studio Solution File, Format Version 12.00
# Visual Studio Version 16
VisualStudioVersion = 16.0.30114.105
MinimumVisualStudioVersion = 10.0.40219.1
Project("{FAE04EC0-301F-11D3-BF4B-00C04F79EFBC}") = "EugeneFoodScene.Server", "Server\EugeneFoodScene.Server.csproj", "{D38B3D80-984C-49D1-BFBA-5366DBC7A1E9}"
EndProject
Project("{FAE04EC0-301F-11D3-BF4B-00C04F79EFBC}") = "EugeneFoodScene.Client", "Client\EugeneFoodScene.Client.csproj", "{0952EB10-CD4D-43FF-8B0E-681313F211AE}"
EndProject
Project("{FAE04EC0-301F-11D3-BF4B-00C04F79EFBC}") = "EugeneFoodScene.Shared", "Shared\EugeneFoodScene.Shared.csproj", "{E57C21F8-DC16-4A6B-95D8-74B495123073}"
EndProject
Global
	GlobalSection(SolutionConfigurationPlatforms) = preSolution
		Debug|Any CPU = Debug|Any CPU
		Release|Any CPU = Release|Any CPU
	EndGlobalSection
	GlobalSection(ProjectConfigurationPlatforms) = postSolution
		{D38B3D80-984C-49D1-BFBA-5366DBC7A1E9}.Debug|Any CPU.ActiveCfg = Debug|Any CPU
		{D38B3D80-984C-49D1-BFBA-5366DBC7A1E9}.Debug|Any CPU.Build.0 = Debug|Any CPU
		{D38B3D80-984C-49D1-BFBA-5366DBC7A1E9}.Release|Any CPU.ActiveCfg = Release|Any CPU
		{D38B3D80-984C-49D1-BFBA-5366DBC7A1E9}.Release|Any CPU.Build.0 = Release|Any CPU
		{0952EB10-CD4D-43FF-8B0E-681313F211AE}.Debug|Any CPU.ActiveCfg = Debug|Any CPU
		{0952EB10-CD4D-43FF-8B0E-681313F211AE}.Debug|Any CPU.Build.0 = Debug|Any CPU
		{0952EB10-CD4D-43FF-8B0E-681313F211AE}.Release|Any CPU.ActiveCfg = Release|Any CPU
		{0952EB10-CD4D-43FF-8B0E-681313F211AE}.Release|Any CPU.Build.0 = Release|Any CPU
		{E57C21F8-DC16-4A6B-95D8-74B495123073}.Debug|Any CPU.ActiveCfg = Debug|Any CPU
		{E57C21F8-DC16-4A6B-95D8-74B495123073}.Debug|Any CPU.Build.0 = Debug|Any CPU
		{E57C21F8-DC16-4A6B-95D8-74B495123073}.Release|Any CPU.ActiveCfg = Release|Any CPU
		{E57C21F8-DC16-4A6B-95D8-74B495123073}.Release|Any CPU.Build.0 = Release|Any CPU
	EndGlobalSection
	GlobalSection(SolutionProperties) = preSolution
		HideSolutionNode = FALSE
	EndGlobalSection
	GlobalSection(ExtensibilityGlobals) = postSolution
		SolutionGuid = {94E448BC-4220-49E8-A32C-3820B6C10A5C}
	EndGlobalSection
EndGlobal
